{
  "nodes": {
    "flake-parts": {
      "inputs": {
        "nixpkgs-lib": [
          "nixpkgs"
        ]
      },
      "locked": {
        "lastModified": 1753121425,
        "narHash": "sha256-TVcTNvOeWWk1DXljFxVRp+E0tzG1LhrVjOGGoMHuXio=",
        "owner": "hercules-ci",
        "repo": "flake-parts",
        "rev": "644e0fc48951a860279da645ba77fe4a6e814c5e",
        "type": "github"
      },
      "original": {
        "owner": "hercules-ci",
        "repo": "flake-parts",
        "type": "github"
      }
    },
    "flake-utils": {
      "inputs": {
        "systems": "systems"
      },
      "locked": {
        "lastModified": 1731533236,
        "narHash": "sha256-l0KFg5HjrsfsO/JpG+r7fRrqm12kzFHyUHqHCVpMMbI=",
        "owner": "numtide",
        "repo": "flake-utils",
        "rev": "11707dc2f618dd54ca8739b309ec4fc024de578b",
        "type": "github"
      },
      "original": {
        "owner": "numtide",
        "repo": "flake-utils",
        "type": "github"
      }
    },
    "nixpkgs": {
      "locked": {
        "lastModified": 1752871121,
        "narHash": "sha256-eOGY1wjzUDVBdbHMifzx6BzXuhAAP6sOis4lvciTGjY=",
        "owner": "wrvsrx",
        "repo": "nixpkgs",
        "rev": "fb5c04e508cfa6de9e214a873f82cf7f9d03dba3",
        "type": "github"
      },
      "original": {
        "owner": "wrvsrx",
        "ref": "patched-nixos-unstable",
        "repo": "nixpkgs",
        "type": "github"
      }
    },
    "nur-wrvsrx": {
      "inputs": {
        "flake-parts": [
          "flake-parts"
        ],
        "flake-utils": "flake-utils",
        "nixpkgs": [
          "nixpkgs"
        ]
      },
      "locked": {
        "lastModified": 1752855621,
        "narHash": "sha256-1AJin8UweYKHy79j+TdaOXf4pa9sfYqJCG21aW2IWO8=",
        "owner": "wrvsrx",
        "repo": "nur-packages",
        "rev": "20ec060297800c7f8b815fe792dca5a39b8bc104",
        "type": "github"
      },
      "original": {
        "owner": "wrvsrx",
        "repo": "nur-packages",
        "type": "github"
      }
    },
    "root": {
      "inputs": {
        "flake-parts": "flake-parts",
        "nixpkgs": "nixpkgs",
        "nur-wrvsrx": "nur-wrvsrx"
      }
    },
    "systems": {
      "locked": {
        "lastModified": 1681028828,
        "narHash": "sha256-Vy1rq5AaRuLzOxct8nz4T6wlgyUR7zLU309k9mBC768=",
        "owner": "nix-systems",
        "repo": "default",
        "rev": "da67096a3b9bf56a91d16901293e51ba5b49a27e",
        "type": "github"
      },
      "original": {
        "owner": "nix-systems",
        "repo": "default",
        "type": "github"
      }
    }
  },
  "root": "root",
  "version": 7
}
